<Solution>
  <Configurations>
    <BuildType Name="Debug" />
    <BuildType Name="Editor" />
    <BuildType Name="Release" />
  </Configurations>
  <Project Path="godotweens/godotweens.csproj" />
  <Project Path="testbed/testbed.csproj" />
  <Project Path="testbed/testbed.2dog/testbed.2dog.csproj" />
  <Project Path="testbed/testbed.tests/testbed.tests.csproj" />
</Solution>
