<Solution>
  <Configurations>
    <BuildType Name="Debug" />
    <BuildType Name="Editor" />
    <BuildType Name="Release" />
  </Configurations>
  <Project Path="../csharp/tweens.gd.csproj" />
  <Project Path="testbed.2dog/testbed.2dog.csproj" />
  <Project Path="testbed.csproj" />
  <Project Path="testbed.tests/testbed.tests.csproj" />
  <Project Path="testbed.web/testbed.web.csproj">
    <BuildType Solution="Editor|*" Project="Debug" />
    <Build Project="false" />
  </Project>
</Solution>
